
Microsoft Visual Studio Solution File, Format Version 12.00
# Visual Studio Version 17
Project("{8BC9CEB8-8B4A-11D0-8D11-00A0C91BC942}") = "ALL_BUILD", "ALL_BUILD.vcxproj", "{43DF15F7-2FB2-35C7-95F4-F28EDF9441C4}"
	ProjectSection(ProjectDependencies) = postProject
		{FA90499E-B2A9-30E2-A16E-D377FF8D8BC8} = {FA90499E-B2A9-30E2-A16E-D377FF8D8BC8}
		{E625A26D-4EEA-3071-805B-92A295DCEAC5} = {E625A26D-4EEA-3071-805B-92A295DCEAC5}
		{D8B54F38-AD80-3286-8801-5B38056B8AAF} = {D8B54F38-AD80-3286-8801-5B38056B8AAF}
		{5F9CD176-F2EB-3672-989B-351F8E669543} = {5F9CD176-F2EB-3672-989B-351F8E669543}
		{49FBEB89-B5E1-329B-AA59-57EB68BBB053} = {49FBEB89-B5E1-329B-AA59-57EB68BBB053}
		{7256BB53-2BE5-3C98-B5D9-599052C72A64} = {7256BB53-2BE5-3C98-B5D9-599052C72A64}
		{8746DE9F-D0EC-39AB-B411-5C6BD5B0796A} = {8746DE9F-D0EC-39AB-B411-5C6BD5B0796A}
		{971DDC0D-BE94-37DA-BDEC-B98BFD89EE21} = {971DDC0D-BE94-37DA-BDEC-B98BFD89EE21}
		{7059561B-F53E-3BE0-8D7D-B122FEDA26A1} = {7059561B-F53E-3BE0-8D7D-B122FEDA26A1}
		{EACD0FB2-37D7-3438-A569-2CF36700221B} = {EACD0FB2-37D7-3438-A569-2CF36700221B}
		{A2A294C9-4C49-3B79-AF6C-0361B44AFD59} = {A2A294C9-4C49-3B79-AF6C-0361B44AFD59}
		{01D97358-9630-31F6-B833-97D4F5FA7077} = {01D97358-9630-31F6-B833-97D4F5FA7077}
		{920975D7-6977-3A16-BB56-F7C4D4B12B3E} = {920975D7-6977-3A16-BB56-F7C4D4B12B3E}
		{C518D7A1-0893-3FBE-8FA4-73A41EC0170C} = {C518D7A1-0893-3FBE-8FA4-73A41EC0170C}
		{9D752941-8475-322C-A745-25540CB8006E} = {9D752941-8475-322C-A745-25540CB8006E}
		{55C04BAB-7E2A-3A05-86F0-C4A47EF7397D} = {55C04BAB-7E2A-3A05-86F0-C4A47EF7397D}
		{C64AF862-CE2A-3901-9CB2-15170AA02498} = {C64AF862-CE2A-3901-9CB2-15170AA02498}
		{8E85177C-4E45-371B-8CAD-65EC04DCC180} = {8E85177C-4E45-371B-8CAD-65EC04DCC180}
		{EAEC6BD0-01A2-305D-AFBB-C1644594AA59} = {EAEC6BD0-01A2-305D-AFBB-C1644594AA59}
		{6C0D8F85-6B76-3389-879B-AA01641AAD6E} = {6C0D8F85-6B76-3389-879B-AA01641AAD6E}
		{F85B50F4-F6F3-3F7B-BDBE-DCA68FB981C9} = {F85B50F4-F6F3-3F7B-BDBE-DCA68FB981C9}
		{F5C741B7-FB48-3DEE-B863-2A0AE6AED9F7} = {F5C741B7-FB48-3DEE-B863-2A0AE6AED9F7}
		{B699528D-30FD-3E05-8365-9D5D0D058DC8} = {B699528D-30FD-3E05-8365-9D5D0D058DC8}
		{3A4C63CF-50BD-3A7D-A104-04E0BFFE9F3E} = {3A4C63CF-50BD-3A7D-A104-04E0BFFE9F3E}
		{CF122AE2-8D4B-3372-8EF0-5629EBB7F222} = {CF122AE2-8D4B-3372-8EF0-5629EBB7F222}
		{619F9A9A-6C9B-30CC-99FD-5515EC057FDA} = {619F9A9A-6C9B-30CC-99FD-5515EC057FDA}
		{90C2C136-FF99-31D9-B31E-D1F50A0E0FAD} = {90C2C136-FF99-31D9-B31E-D1F50A0E0FAD}
		{55FAAE18-F35D-3F27-8B7E-3266F4387863} = {55FAAE18-F35D-3F27-8B7E-3266F4387863}
	EndProjectSection
EndProject
Project("{8BC9CEB8-8B4A-11D0-8D11-00A0C91BC942}") = "RUN_TESTS", "RUN_TESTS.vcxproj", "{B8A4E4F1-7DDE-38DC-8E06-E4C8FD2B1542}"
	ProjectSection(ProjectDependencies) = postProject
		{FA90499E-B2A9-30E2-A16E-D377FF8D8BC8} = {FA90499E-B2A9-30E2-A16E-D377FF8D8BC8}
	EndProjectSection
EndProject
Project("{8BC9CEB8-8B4A-11D0-8D11-00A0C91BC942}") = "ZERO_CHECK", "ZERO_CHECK.vcxproj", "{FA90499E-B2A9-30E2-A16E-D377FF8D8BC8}"
	ProjectSection(ProjectDependencies) = postProject
	EndProjectSection
EndProject
Project("{8BC9CEB8-8B4A-11D0-8D11-00A0C91BC942}") = "betanetc", "libbetanetc\betanetc.vcxproj", "{E625A26D-4EEA-3071-805B-92A295DCEAC5}"
	ProjectSection(ProjectDependencies) = postProject
		{FA90499E-B2A9-30E2-A16E-D377FF8D8BC8} = {FA90499E-B2A9-30E2-A16E-D377FF8D8BC8}
	EndProjectSection
EndProject
Project("{8BC9CEB8-8B4A-11D0-8D11-00A0C91BC942}") = "bnetc-cli", "cli\bnetc-cli\bnetc-cli.vcxproj", "{D8B54F38-AD80-3286-8801-5B38056B8AAF}"
	ProjectSection(ProjectDependencies) = postProject
		{FA90499E-B2A9-30E2-A16E-D377FF8D8BC8} = {FA90499E-B2A9-30E2-A16E-D377FF8D8BC8}
		{E625A26D-4EEA-3071-805B-92A295DCEAC5} = {E625A26D-4EEA-3071-805B-92A295DCEAC5}
	EndProjectSection
EndProject
Project("{8BC9CEB8-8B4A-11D0-8D11-00A0C91BC942}") = "end_to_end_test", "tests\integration\end_to_end_test.vcxproj", "{5F9CD176-F2EB-3672-989B-351F8E669543}"
	ProjectSection(ProjectDependencies) = postProject
		{FA90499E-B2A9-30E2-A16E-D377FF8D8BC8} = {FA90499E-B2A9-30E2-A16E-D377FF8D8BC8}
		{E625A26D-4EEA-3071-805B-92A295DCEAC5} = {E625A26D-4EEA-3071-805B-92A295DCEAC5}
	EndProjectSection
EndProject
Project("{8BC9CEB8-8B4A-11D0-8D11-00A0C91BC942}") = "fingerprint_regression_test", "tests\unit\fingerprint_regression_test.vcxproj", "{49FBEB89-B5E1-329B-AA59-57EB68BBB053}"
	ProjectSection(ProjectDependencies) = postProject
		{FA90499E-B2A9-30E2-A16E-D377FF8D8BC8} = {FA90499E-B2A9-30E2-A16E-D377FF8D8BC8}
		{E625A26D-4EEA-3071-805B-92A295DCEAC5} = {E625A26D-4EEA-3071-805B-92A295DCEAC5}
	EndProjectSection
EndProject
Project("{8BC9CEB8-8B4A-11D0-8D11-00A0C91BC942}") = "gov_protocol", "src\gov\gov_protocol.vcxproj", "{7256BB53-2BE5-3C98-B5D9-599052C72A64}"
	ProjectSection(ProjectDependencies) = postProject
		{FA90499E-B2A9-30E2-A16E-D377FF8D8BC8} = {FA90499E-B2A9-30E2-A16E-D377FF8D8BC8}
	EndProjectSection
EndProject
Project("{8BC9CEB8-8B4A-11D0-8D11-00A0C91BC942}") = "http2_emulation_test", "tests\unit\http2_emulation_test.vcxproj", "{8746DE9F-D0EC-39AB-B411-5C6BD5B0796A}"
	ProjectSection(ProjectDependencies) = postProject
		{FA90499E-B2A9-30E2-A16E-D377FF8D8BC8} = {FA90499E-B2A9-30E2-A16E-D377FF8D8BC8}
		{E625A26D-4EEA-3071-805B-92A295DCEAC5} = {E625A26D-4EEA-3071-805B-92A295DCEAC5}
	EndProjectSection
EndProject
Project("{8BC9CEB8-8B4A-11D0-8D11-00A0C91BC942}") = "htx_frames_test", "tests\integration\htx_frames_test.vcxproj", "{971DDC0D-BE94-37DA-BDEC-B98BFD89EE21}"
	ProjectSection(ProjectDependencies) = postProject
		{FA90499E-B2A9-30E2-A16E-D377FF8D8BC8} = {FA90499E-B2A9-30E2-A16E-D377FF8D8BC8}
		{E625A26D-4EEA-3071-805B-92A295DCEAC5} = {E625A26D-4EEA-3071-805B-92A295DCEAC5}
	EndProjectSection
EndProject
Project("{8BC9CEB8-8B4A-11D0-8D11-00A0C91BC942}") = "htx_http2_integration_test", "tests\integration\htx_http2_integration_test.vcxproj", "{7059561B-F53E-3BE0-8D7D-B122FEDA26A1}"
	ProjectSection(ProjectDependencies) = postProject
		{FA90499E-B2A9-30E2-A16E-D377FF8D8BC8} = {FA90499E-B2A9-30E2-A16E-D377FF8D8BC8}
		{E625A26D-4EEA-3071-805B-92A295DCEAC5} = {E625A26D-4EEA-3071-805B-92A295DCEAC5}
	EndProjectSection
EndProject
Project("{8BC9CEB8-8B4A-11D0-8D11-00A0C91BC942}") = "htx_noise_integration_test", "tests\integration\htx_noise_integration_test.vcxproj", "{EACD0FB2-37D7-3438-A569-2CF36700221B}"
	ProjectSection(ProjectDependencies) = postProject
		{FA90499E-B2A9-30E2-A16E-D377FF8D8BC8} = {FA90499E-B2A9-30E2-A16E-D377FF8D8BC8}
		{E625A26D-4EEA-3071-805B-92A295DCEAC5} = {E625A26D-4EEA-3071-805B-92A295DCEAC5}
	EndProjectSection
EndProject
Project("{8BC9CEB8-8B4A-11D0-8D11-00A0C91BC942}") = "htx_noise_performance_test", "tests\performance\htx_noise_performance_test.vcxproj", "{A2A294C9-4C49-3B79-AF6C-0361B44AFD59}"
	ProjectSection(ProjectDependencies) = postProject
		{FA90499E-B2A9-30E2-A16E-D377FF8D8BC8} = {FA90499E-B2A9-30E2-A16E-D377FF8D8BC8}
		{E625A26D-4EEA-3071-805B-92A295DCEAC5} = {E625A26D-4EEA-3071-805B-92A295DCEAC5}
	EndProjectSection
EndProject
Project("{8BC9CEB8-8B4A-11D0-8D11-00A0C91BC942}") = "htx_tickets_test", "tests\integration\htx_tickets_test.vcxproj", "{01D97358-9630-31F6-B833-97D4F5FA7077}"
	ProjectSection(ProjectDependencies) = postProject
		{FA90499E-B2A9-30E2-A16E-D377FF8D8BC8} = {FA90499E-B2A9-30E2-A16E-D377FF8D8BC8}
		{E625A26D-4EEA-3071-805B-92A295DCEAC5} = {E625A26D-4EEA-3071-805B-92A295DCEAC5}
	EndProjectSection
EndProject
Project("{8BC9CEB8-8B4A-11D0-8D11-00A0C91BC942}") = "integration_path_htx", "tests\integration\integration_path_htx.vcxproj", "{920975D7-6977-3A16-BB56-F7C4D4B12B3E}"
	ProjectSection(ProjectDependencies) = postProject
		{FA90499E-B2A9-30E2-A16E-D377FF8D8BC8} = {FA90499E-B2A9-30E2-A16E-D377FF8D8BC8}
		{E625A26D-4EEA-3071-805B-92A295DCEAC5} = {E625A26D-4EEA-3071-805B-92A295DCEAC5}
	EndProjectSection
EndProject
Project("{8BC9CEB8-8B4A-11D0-8D11-00A0C91BC942}") = "interop_protocol_test", "tests\interop\interop_protocol_test.vcxproj", "{C518D7A1-0893-3FBE-8FA4-73A41EC0170C}"
	ProjectSection(ProjectDependencies) = postProject
		{FA90499E-B2A9-30E2-A16E-D377FF8D8BC8} = {FA90499E-B2A9-30E2-A16E-D377FF8D8BC8}
		{E625A26D-4EEA-3071-805B-92A295DCEAC5} = {E625A26D-4EEA-3071-805B-92A295DCEAC5}
	EndProjectSection
EndProject
Project("{8BC9CEB8-8B4A-11D0-8D11-00A0C91BC942}") = "noise_handshake_test", "tests\integration\noise_handshake_test.vcxproj", "{9D752941-8475-322C-A745-25540CB8006E}"
	ProjectSection(ProjectDependencies) = postProject
		{FA90499E-B2A9-30E2-A16E-D377FF8D8BC8} = {FA90499E-B2A9-30E2-A16E-D377FF8D8BC8}
		{E625A26D-4EEA-3071-805B-92A295DCEAC5} = {E625A26D-4EEA-3071-805B-92A295DCEAC5}
	EndProjectSection
EndProject
Project("{8BC9CEB8-8B4A-11D0-8D11-00A0C91BC942}") = "performance_test", "tests\integration\performance_test.vcxproj", "{55C04BAB-7E2A-3A05-86F0-C4A47EF7397D}"
	ProjectSection(ProjectDependencies) = postProject
		{FA90499E-B2A9-30E2-A16E-D377FF8D8BC8} = {FA90499E-B2A9-30E2-A16E-D377FF8D8BC8}
		{E625A26D-4EEA-3071-805B-92A295DCEAC5} = {E625A26D-4EEA-3071-805B-92A295DCEAC5}
	EndProjectSection
EndProject
Project("{8BC9CEB8-8B4A-11D0-8D11-00A0C91BC942}") = "protocol_regression_test", "tests\unit\protocol_regression_test.vcxproj", "{C64AF862-CE2A-3901-9CB2-15170AA02498}"
	ProjectSection(ProjectDependencies) = postProject
		{FA90499E-B2A9-30E2-A16E-D377FF8D8BC8} = {FA90499E-B2A9-30E2-A16E-D377FF8D8BC8}
		{E625A26D-4EEA-3071-805B-92A295DCEAC5} = {E625A26D-4EEA-3071-805B-92A295DCEAC5}
	EndProjectSection
EndProject
Project("{8BC9CEB8-8B4A-11D0-8D11-00A0C91BC942}") = "scion_test", "tests\integration\scion_test.vcxproj", "{8E85177C-4E45-371B-8CAD-65EC04DCC180}"
	ProjectSection(ProjectDependencies) = postProject
		{FA90499E-B2A9-30E2-A16E-D377FF8D8BC8} = {FA90499E-B2A9-30E2-A16E-D377FF8D8BC8}
		{E625A26D-4EEA-3071-805B-92A295DCEAC5} = {E625A26D-4EEA-3071-805B-92A295DCEAC5}
	EndProjectSection
EndProject
Project("{8BC9CEB8-8B4A-11D0-8D11-00A0C91BC942}") = "test_gov_protocol", "tests\unit\test_gov_protocol.vcxproj", "{EAEC6BD0-01A2-305D-AFBB-C1644594AA59}"
	ProjectSection(ProjectDependencies) = postProject
		{FA90499E-B2A9-30E2-A16E-D377FF8D8BC8} = {FA90499E-B2A9-30E2-A16E-D377FF8D8BC8}
		{E625A26D-4EEA-3071-805B-92A295DCEAC5} = {E625A26D-4EEA-3071-805B-92A295DCEAC5}
		{7256BB53-2BE5-3C98-B5D9-599052C72A64} = {7256BB53-2BE5-3C98-B5D9-599052C72A64}
	EndProjectSection
EndProject
Project("{8BC9CEB8-8B4A-11D0-8D11-00A0C91BC942}") = "test_htx_calibration", "tests\unit\test_htx_calibration.vcxproj", "{6C0D8F85-6B76-3389-879B-AA01641AAD6E}"
	ProjectSection(ProjectDependencies) = postProject
		{FA90499E-B2A9-30E2-A16E-D377FF8D8BC8} = {FA90499E-B2A9-30E2-A16E-D377FF8D8BC8}
		{E625A26D-4EEA-3071-805B-92A295DCEAC5} = {E625A26D-4EEA-3071-805B-92A295DCEAC5}
	EndProjectSection
EndProject
Project("{8BC9CEB8-8B4A-11D0-8D11-00A0C91BC942}") = "test_htx_calibration_mock", "tests\unit\test_htx_calibration_mock.vcxproj", "{F85B50F4-F6F3-3F7B-BDBE-DCA68FB981C9}"
	ProjectSection(ProjectDependencies) = postProject
		{FA90499E-B2A9-30E2-A16E-D377FF8D8BC8} = {FA90499E-B2A9-30E2-A16E-D377FF8D8BC8}
	EndProjectSection
EndProject
Project("{8BC9CEB8-8B4A-11D0-8D11-00A0C91BC942}") = "test_htx_calibration_simple", "tests\unit\test_htx_calibration_simple.vcxproj", "{F5C741B7-FB48-3DEE-B863-2A0AE6AED9F7}"
	ProjectSection(ProjectDependencies) = postProject
		{FA90499E-B2A9-30E2-A16E-D377FF8D8BC8} = {FA90499E-B2A9-30E2-A16E-D377FF8D8BC8}
		{E625A26D-4EEA-3071-805B-92A295DCEAC5} = {E625A26D-4EEA-3071-805B-92A295DCEAC5}
	EndProjectSection
EndProject
Project("{8BC9CEB8-8B4A-11D0-8D11-00A0C91BC942}") = "test_htx_transport", "tests\unit\test_htx_transport.vcxproj", "{B699528D-30FD-3E05-8365-9D5D0D058DC8}"
	ProjectSection(ProjectDependencies) = postProject
		{FA90499E-B2A9-30E2-A16E-D377FF8D8BC8} = {FA90499E-B2A9-30E2-A16E-D377FF8D8BC8}
		{E625A26D-4EEA-3071-805B-92A295DCEAC5} = {E625A26D-4EEA-3071-805B-92A295DCEAC5}
	EndProjectSection
EndProject
Project("{8BC9CEB8-8B4A-11D0-8D11-00A0C91BC942}") = "test_minimal", "tests\unit\test_minimal.vcxproj", "{3A4C63CF-50BD-3A7D-A104-04E0BFFE9F3E}"
	ProjectSection(ProjectDependencies) = postProject
		{FA90499E-B2A9-30E2-A16E-D377FF8D8BC8} = {FA90499E-B2A9-30E2-A16E-D377FF8D8BC8}
	EndProjectSection
EndProject
Project("{8BC9CEB8-8B4A-11D0-8D11-00A0C91BC942}") = "test_path_optimization", "tests\unit\test_path_optimization.vcxproj", "{CF122AE2-8D4B-3372-8EF0-5629EBB7F222}"
	ProjectSection(ProjectDependencies) = postProject
		{FA90499E-B2A9-30E2-A16E-D377FF8D8BC8} = {FA90499E-B2A9-30E2-A16E-D377FF8D8BC8}
		{E625A26D-4EEA-3071-805B-92A295DCEAC5} = {E625A26D-4EEA-3071-805B-92A295DCEAC5}
	EndProjectSection
EndProject
Project("{8BC9CEB8-8B4A-11D0-8D11-00A0C91BC942}") = "test_scion_basic", "tests\unit\test_scion_basic.vcxproj", "{619F9A9A-6C9B-30CC-99FD-5515EC057FDA}"
	ProjectSection(ProjectDependencies) = postProject
		{FA90499E-B2A9-30E2-A16E-D377FF8D8BC8} = {FA90499E-B2A9-30E2-A16E-D377FF8D8BC8}
		{E625A26D-4EEA-3071-805B-92A295DCEAC5} = {E625A26D-4EEA-3071-805B-92A295DCEAC5}
	EndProjectSection
EndProject
Project("{8BC9CEB8-8B4A-11D0-8D11-00A0C91BC942}") = "ticket_parser_fuzz", "tests\unit\ticket_parser_fuzz.vcxproj", "{90C2C136-FF99-31D9-B31E-D1F50A0E0FAD}"
	ProjectSection(ProjectDependencies) = postProject
		{FA90499E-B2A9-30E2-A16E-D377FF8D8BC8} = {FA90499E-B2A9-30E2-A16E-D377FF8D8BC8}
		{E625A26D-4EEA-3071-805B-92A295DCEAC5} = {E625A26D-4EEA-3071-805B-92A295DCEAC5}
	EndProjectSection
EndProject
Project("{8BC9CEB8-8B4A-11D0-8D11-00A0C91BC942}") = "tls_server_demo", "tests\integration\tls_server_demo.vcxproj", "{55FAAE18-F35D-3F27-8B7E-3266F4387863}"
	ProjectSection(ProjectDependencies) = postProject
		{FA90499E-B2A9-30E2-A16E-D377FF8D8BC8} = {FA90499E-B2A9-30E2-A16E-D377FF8D8BC8}
		{E625A26D-4EEA-3071-805B-92A295DCEAC5} = {E625A26D-4EEA-3071-805B-92A295DCEAC5}
	EndProjectSection
EndProject
Global
	GlobalSection(SolutionConfigurationPlatforms) = preSolution
		Debug|x64 = Debug|x64
		Release|x64 = Release|x64
		MinSizeRel|x64 = MinSizeRel|x64
		RelWithDebInfo|x64 = RelWithDebInfo|x64
	EndGlobalSection
	GlobalSection(ProjectConfigurationPlatforms) = postSolution
		{43DF15F7-2FB2-35C7-95F4-F28EDF9441C4}.Debug|x64.ActiveCfg = Debug|x64
		{43DF15F7-2FB2-35C7-95F4-F28EDF9441C4}.Release|x64.ActiveCfg = Release|x64
		{43DF15F7-2FB2-35C7-95F4-F28EDF9441C4}.MinSizeRel|x64.ActiveCfg = MinSizeRel|x64
		{43DF15F7-2FB2-35C7-95F4-F28EDF9441C4}.RelWithDebInfo|x64.ActiveCfg = RelWithDebInfo|x64
		{B8A4E4F1-7DDE-38DC-8E06-E4C8FD2B1542}.Debug|x64.ActiveCfg = Debug|x64
		{B8A4E4F1-7DDE-38DC-8E06-E4C8FD2B1542}.Release|x64.ActiveCfg = Release|x64
		{B8A4E4F1-7DDE-38DC-8E06-E4C8FD2B1542}.MinSizeRel|x64.ActiveCfg = MinSizeRel|x64
		{B8A4E4F1-7DDE-38DC-8E06-E4C8FD2B1542}.RelWithDebInfo|x64.ActiveCfg = RelWithDebInfo|x64
		{FA90499E-B2A9-30E2-A16E-D377FF8D8BC8}.Debug|x64.ActiveCfg = Debug|x64
		{FA90499E-B2A9-30E2-A16E-D377FF8D8BC8}.Debug|x64.Build.0 = Debug|x64
		{FA90499E-B2A9-30E2-A16E-D377FF8D8BC8}.Release|x64.ActiveCfg = Release|x64
		{FA90499E-B2A9-30E2-A16E-D377FF8D8BC8}.Release|x64.Build.0 = Release|x64
		{FA90499E-B2A9-30E2-A16E-D377FF8D8BC8}.MinSizeRel|x64.ActiveCfg = MinSizeRel|x64
		{FA90499E-B2A9-30E2-A16E-D377FF8D8BC8}.MinSizeRel|x64.Build.0 = MinSizeRel|x64
		{FA90499E-B2A9-30E2-A16E-D377FF8D8BC8}.RelWithDebInfo|x64.ActiveCfg = RelWithDebInfo|x64
		{FA90499E-B2A9-30E2-A16E-D377FF8D8BC8}.RelWithDebInfo|x64.Build.0 = RelWithDebInfo|x64
		{E625A26D-4EEA-3071-805B-92A295DCEAC5}.Debug|x64.ActiveCfg = Debug|x64
		{E625A26D-4EEA-3071-805B-92A295DCEAC5}.Debug|x64.Build.0 = Debug|x64
		{E625A26D-4EEA-3071-805B-92A295DCEAC5}.Release|x64.ActiveCfg = Release|x64
		{E625A26D-4EEA-3071-805B-92A295DCEAC5}.Release|x64.Build.0 = Release|x64
		{E625A26D-4EEA-3071-805B-92A295DCEAC5}.MinSizeRel|x64.ActiveCfg = MinSizeRel|x64
		{E625A26D-4EEA-3071-805B-92A295DCEAC5}.MinSizeRel|x64.Build.0 = MinSizeRel|x64
		{E625A26D-4EEA-3071-805B-92A295DCEAC5}.RelWithDebInfo|x64.ActiveCfg = RelWithDebInfo|x64
		{E625A26D-4EEA-3071-805B-92A295DCEAC5}.RelWithDebInfo|x64.Build.0 = RelWithDebInfo|x64
		{D8B54F38-AD80-3286-8801-5B38056B8AAF}.Debug|x64.ActiveCfg = Debug|x64
		{D8B54F38-AD80-3286-8801-5B38056B8AAF}.Debug|x64.Build.0 = Debug|x64
		{D8B54F38-AD80-3286-8801-5B38056B8AAF}.Release|x64.ActiveCfg = Release|x64
		{D8B54F38-AD80-3286-8801-5B38056B8AAF}.Release|x64.Build.0 = Release|x64
		{D8B54F38-AD80-3286-8801-5B38056B8AAF}.MinSizeRel|x64.ActiveCfg = MinSizeRel|x64
		{D8B54F38-AD80-3286-8801-5B38056B8AAF}.MinSizeRel|x64.Build.0 = MinSizeRel|x64
		{D8B54F38-AD80-3286-8801-5B38056B8AAF}.RelWithDebInfo|x64.ActiveCfg = RelWithDebInfo|x64
		{D8B54F38-AD80-3286-8801-5B38056B8AAF}.RelWithDebInfo|x64.Build.0 = RelWithDebInfo|x64
		{5F9CD176-F2EB-3672-989B-351F8E669543}.Debug|x64.ActiveCfg = Debug|x64
		{5F9CD176-F2EB-3672-989B-351F8E669543}.Debug|x64.Build.0 = Debug|x64
		{5F9CD176-F2EB-3672-989B-351F8E669543}.Release|x64.ActiveCfg = Release|x64
		{5F9CD176-F2EB-3672-989B-351F8E669543}.Release|x64.Build.0 = Release|x64
		{5F9CD176-F2EB-3672-989B-351F8E669543}.MinSizeRel|x64.ActiveCfg = MinSizeRel|x64
		{5F9CD176-F2EB-3672-989B-351F8E669543}.MinSizeRel|x64.Build.0 = MinSizeRel|x64
		{5F9CD176-F2EB-3672-989B-351F8E669543}.RelWithDebInfo|x64.ActiveCfg = RelWithDebInfo|x64
		{5F9CD176-F2EB-3672-989B-351F8E669543}.RelWithDebInfo|x64.Build.0 = RelWithDebInfo|x64
		{49FBEB89-B5E1-329B-AA59-57EB68BBB053}.Debug|x64.ActiveCfg = Debug|x64
		{49FBEB89-B5E1-329B-AA59-57EB68BBB053}.Debug|x64.Build.0 = Debug|x64
		{49FBEB89-B5E1-329B-AA59-57EB68BBB053}.Release|x64.ActiveCfg = Release|x64
		{49FBEB89-B5E1-329B-AA59-57EB68BBB053}.Release|x64.Build.0 = Release|x64
		{49FBEB89-B5E1-329B-AA59-57EB68BBB053}.MinSizeRel|x64.ActiveCfg = MinSizeRel|x64
		{49FBEB89-B5E1-329B-AA59-57EB68BBB053}.MinSizeRel|x64.Build.0 = MinSizeRel|x64
		{49FBEB89-B5E1-329B-AA59-57EB68BBB053}.RelWithDebInfo|x64.ActiveCfg = RelWithDebInfo|x64
		{49FBEB89-B5E1-329B-AA59-57EB68BBB053}.RelWithDebInfo|x64.Build.0 = RelWithDebInfo|x64
		{7256BB53-2BE5-3C98-B5D9-599052C72A64}.Debug|x64.ActiveCfg = Debug|x64
		{7256BB53-2BE5-3C98-B5D9-599052C72A64}.Debug|x64.Build.0 = Debug|x64
		{7256BB53-2BE5-3C98-B5D9-599052C72A64}.Release|x64.ActiveCfg = Release|x64
		{7256BB53-2BE5-3C98-B5D9-599052C72A64}.Release|x64.Build.0 = Release|x64
		{7256BB53-2BE5-3C98-B5D9-599052C72A64}.MinSizeRel|x64.ActiveCfg = MinSizeRel|x64
		{7256BB53-2BE5-3C98-B5D9-599052C72A64}.MinSizeRel|x64.Build.0 = MinSizeRel|x64
		{7256BB53-2BE5-3C98-B5D9-599052C72A64}.RelWithDebInfo|x64.ActiveCfg = RelWithDebInfo|x64
		{7256BB53-2BE5-3C98-B5D9-599052C72A64}.RelWithDebInfo|x64.Build.0 = RelWithDebInfo|x64
		{8746DE9F-D0EC-39AB-B411-5C6BD5B0796A}.Debug|x64.ActiveCfg = Debug|x64
		{8746DE9F-D0EC-39AB-B411-5C6BD5B0796A}.Debug|x64.Build.0 = Debug|x64
		{8746DE9F-D0EC-39AB-B411-5C6BD5B0796A}.Release|x64.ActiveCfg = Release|x64
		{8746DE9F-D0EC-39AB-B411-5C6BD5B0796A}.Release|x64.Build.0 = Release|x64
		{8746DE9F-D0EC-39AB-B411-5C6BD5B0796A}.MinSizeRel|x64.ActiveCfg = MinSizeRel|x64
		{8746DE9F-D0EC-39AB-B411-5C6BD5B0796A}.MinSizeRel|x64.Build.0 = MinSizeRel|x64
		{8746DE9F-D0EC-39AB-B411-5C6BD5B0796A}.RelWithDebInfo|x64.ActiveCfg = RelWithDebInfo|x64
		{8746DE9F-D0EC-39AB-B411-5C6BD5B0796A}.RelWithDebInfo|x64.Build.0 = RelWithDebInfo|x64
		{971DDC0D-BE94-37DA-BDEC-B98BFD89EE21}.Debug|x64.ActiveCfg = Debug|x64
		{971DDC0D-BE94-37DA-BDEC-B98BFD89EE21}.Debug|x64.Build.0 = Debug|x64
		{971DDC0D-BE94-37DA-BDEC-B98BFD89EE21}.Release|x64.ActiveCfg = Release|x64
		{971DDC0D-BE94-37DA-BDEC-B98BFD89EE21}.Release|x64.Build.0 = Release|x64
		{971DDC0D-BE94-37DA-BDEC-B98BFD89EE21}.MinSizeRel|x64.ActiveCfg = MinSizeRel|x64
		{971DDC0D-BE94-37DA-BDEC-B98BFD89EE21}.MinSizeRel|x64.Build.0 = MinSizeRel|x64
		{971DDC0D-BE94-37DA-BDEC-B98BFD89EE21}.RelWithDebInfo|x64.ActiveCfg = RelWithDebInfo|x64
		{971DDC0D-BE94-37DA-BDEC-B98BFD89EE21}.RelWithDebInfo|x64.Build.0 = RelWithDebInfo|x64
		{7059561B-F53E-3BE0-8D7D-B122FEDA26A1}.Debug|x64.ActiveCfg = Debug|x64
		{7059561B-F53E-3BE0-8D7D-B122FEDA26A1}.Debug|x64.Build.0 = Debug|x64
		{7059561B-F53E-3BE0-8D7D-B122FEDA26A1}.Release|x64.ActiveCfg = Release|x64
		{7059561B-F53E-3BE0-8D7D-B122FEDA26A1}.Release|x64.Build.0 = Release|x64
		{7059561B-F53E-3BE0-8D7D-B122FEDA26A1}.MinSizeRel|x64.ActiveCfg = MinSizeRel|x64
		{7059561B-F53E-3BE0-8D7D-B122FEDA26A1}.MinSizeRel|x64.Build.0 = MinSizeRel|x64
		{7059561B-F53E-3BE0-8D7D-B122FEDA26A1}.RelWithDebInfo|x64.ActiveCfg = RelWithDebInfo|x64
		{7059561B-F53E-3BE0-8D7D-B122FEDA26A1}.RelWithDebInfo|x64.Build.0 = RelWithDebInfo|x64
		{EACD0FB2-37D7-3438-A569-2CF36700221B}.Debug|x64.ActiveCfg = Debug|x64
		{EACD0FB2-37D7-3438-A569-2CF36700221B}.Debug|x64.Build.0 = Debug|x64
		{EACD0FB2-37D7-3438-A569-2CF36700221B}.Release|x64.ActiveCfg = Release|x64
		{EACD0FB2-37D7-3438-A569-2CF36700221B}.Release|x64.Build.0 = Release|x64
		{EACD0FB2-37D7-3438-A569-2CF36700221B}.MinSizeRel|x64.ActiveCfg = MinSizeRel|x64
		{EACD0FB2-37D7-3438-A569-2CF36700221B}.MinSizeRel|x64.Build.0 = MinSizeRel|x64
		{EACD0FB2-37D7-3438-A569-2CF36700221B}.RelWithDebInfo|x64.ActiveCfg = RelWithDebInfo|x64
		{EACD0FB2-37D7-3438-A569-2CF36700221B}.RelWithDebInfo|x64.Build.0 = RelWithDebInfo|x64
		{A2A294C9-4C49-3B79-AF6C-0361B44AFD59}.Debug|x64.ActiveCfg = Debug|x64
		{A2A294C9-4C49-3B79-AF6C-0361B44AFD59}.Debug|x64.Build.0 = Debug|x64
		{A2A294C9-4C49-3B79-AF6C-0361B44AFD59}.Release|x64.ActiveCfg = Release|x64
		{A2A294C9-4C49-3B79-AF6C-0361B44AFD59}.Release|x64.Build.0 = Release|x64
		{A2A294C9-4C49-3B79-AF6C-0361B44AFD59}.MinSizeRel|x64.ActiveCfg = MinSizeRel|x64
		{A2A294C9-4C49-3B79-AF6C-0361B44AFD59}.MinSizeRel|x64.Build.0 = MinSizeRel|x64
		{A2A294C9-4C49-3B79-AF6C-0361B44AFD59}.RelWithDebInfo|x64.ActiveCfg = RelWithDebInfo|x64
		{A2A294C9-4C49-3B79-AF6C-0361B44AFD59}.RelWithDebInfo|x64.Build.0 = RelWithDebInfo|x64
		{01D97358-9630-31F6-B833-97D4F5FA7077}.Debug|x64.ActiveCfg = Debug|x64
		{01D97358-9630-31F6-B833-97D4F5FA7077}.Debug|x64.Build.0 = Debug|x64
		{01D97358-9630-31F6-B833-97D4F5FA7077}.Release|x64.ActiveCfg = Release|x64
		{01D97358-9630-31F6-B833-97D4F5FA7077}.Release|x64.Build.0 = Release|x64
		{01D97358-9630-31F6-B833-97D4F5FA7077}.MinSizeRel|x64.ActiveCfg = MinSizeRel|x64
		{01D97358-9630-31F6-B833-97D4F5FA7077}.MinSizeRel|x64.Build.0 = MinSizeRel|x64
		{01D97358-9630-31F6-B833-97D4F5FA7077}.RelWithDebInfo|x64.ActiveCfg = RelWithDebInfo|x64
		{01D97358-9630-31F6-B833-97D4F5FA7077}.RelWithDebInfo|x64.Build.0 = RelWithDebInfo|x64
		{920975D7-6977-3A16-BB56-F7C4D4B12B3E}.Debug|x64.ActiveCfg = Debug|x64
		{920975D7-6977-3A16-BB56-F7C4D4B12B3E}.Debug|x64.Build.0 = Debug|x64
		{920975D7-6977-3A16-BB56-F7C4D4B12B3E}.Release|x64.ActiveCfg = Release|x64
		{920975D7-6977-3A16-BB56-F7C4D4B12B3E}.Release|x64.Build.0 = Release|x64
		{920975D7-6977-3A16-BB56-F7C4D4B12B3E}.MinSizeRel|x64.ActiveCfg = MinSizeRel|x64
		{920975D7-6977-3A16-BB56-F7C4D4B12B3E}.MinSizeRel|x64.Build.0 = MinSizeRel|x64
		{920975D7-6977-3A16-BB56-F7C4D4B12B3E}.RelWithDebInfo|x64.ActiveCfg = RelWithDebInfo|x64
		{920975D7-6977-3A16-BB56-F7C4D4B12B3E}.RelWithDebInfo|x64.Build.0 = RelWithDebInfo|x64
		{C518D7A1-0893-3FBE-8FA4-73A41EC0170C}.Debug|x64.ActiveCfg = Debug|x64
		{C518D7A1-0893-3FBE-8FA4-73A41EC0170C}.Debug|x64.Build.0 = Debug|x64
		{C518D7A1-0893-3FBE-8FA4-73A41EC0170C}.Release|x64.ActiveCfg = Release|x64
		{C518D7A1-0893-3FBE-8FA4-73A41EC0170C}.Release|x64.Build.0 = Release|x64
		{C518D7A1-0893-3FBE-8FA4-73A41EC0170C}.MinSizeRel|x64.ActiveCfg = MinSizeRel|x64
		{C518D7A1-0893-3FBE-8FA4-73A41EC0170C}.MinSizeRel|x64.Build.0 = MinSizeRel|x64
		{C518D7A1-0893-3FBE-8FA4-73A41EC0170C}.RelWithDebInfo|x64.ActiveCfg = RelWithDebInfo|x64
		{C518D7A1-0893-3FBE-8FA4-73A41EC0170C}.RelWithDebInfo|x64.Build.0 = RelWithDebInfo|x64
		{9D752941-8475-322C-A745-25540CB8006E}.Debug|x64.ActiveCfg = Debug|x64
		{9D752941-8475-322C-A745-25540CB8006E}.Debug|x64.Build.0 = Debug|x64
		{9D752941-8475-322C-A745-25540CB8006E}.Release|x64.ActiveCfg = Release|x64
		{9D752941-8475-322C-A745-25540CB8006E}.Release|x64.Build.0 = Release|x64
		{9D752941-8475-322C-A745-25540CB8006E}.MinSizeRel|x64.ActiveCfg = MinSizeRel|x64
		{9D752941-8475-322C-A745-25540CB8006E}.MinSizeRel|x64.Build.0 = MinSizeRel|x64
		{9D752941-8475-322C-A745-25540CB8006E}.RelWithDebInfo|x64.ActiveCfg = RelWithDebInfo|x64
		{9D752941-8475-322C-A745-25540CB8006E}.RelWithDebInfo|x64.Build.0 = RelWithDebInfo|x64
		{55C04BAB-7E2A-3A05-86F0-C4A47EF7397D}.Debug|x64.ActiveCfg = Debug|x64
		{55C04BAB-7E2A-3A05-86F0-C4A47EF7397D}.Debug|x64.Build.0 = Debug|x64
		{55C04BAB-7E2A-3A05-86F0-C4A47EF7397D}.Release|x64.ActiveCfg = Release|x64
		{55C04BAB-7E2A-3A05-86F0-C4A47EF7397D}.Release|x64.Build.0 = Release|x64
		{55C04BAB-7E2A-3A05-86F0-C4A47EF7397D}.MinSizeRel|x64.ActiveCfg = MinSizeRel|x64
		{55C04BAB-7E2A-3A05-86F0-C4A47EF7397D}.MinSizeRel|x64.Build.0 = MinSizeRel|x64
		{55C04BAB-7E2A-3A05-86F0-C4A47EF7397D}.RelWithDebInfo|x64.ActiveCfg = RelWithDebInfo|x64
		{55C04BAB-7E2A-3A05-86F0-C4A47EF7397D}.RelWithDebInfo|x64.Build.0 = RelWithDebInfo|x64
		{C64AF862-CE2A-3901-9CB2-15170AA02498}.Debug|x64.ActiveCfg = Debug|x64
		{C64AF862-CE2A-3901-9CB2-15170AA02498}.Debug|x64.Build.0 = Debug|x64
		{C64AF862-CE2A-3901-9CB2-15170AA02498}.Release|x64.ActiveCfg = Release|x64
		{C64AF862-CE2A-3901-9CB2-15170AA02498}.Release|x64.Build.0 = Release|x64
		{C64AF862-CE2A-3901-9CB2-15170AA02498}.MinSizeRel|x64.ActiveCfg = MinSizeRel|x64
		{C64AF862-CE2A-3901-9CB2-15170AA02498}.MinSizeRel|x64.Build.0 = MinSizeRel|x64
		{C64AF862-CE2A-3901-9CB2-15170AA02498}.RelWithDebInfo|x64.ActiveCfg = RelWithDebInfo|x64
		{C64AF862-CE2A-3901-9CB2-15170AA02498}.RelWithDebInfo|x64.Build.0 = RelWithDebInfo|x64
		{8E85177C-4E45-371B-8CAD-65EC04DCC180}.Debug|x64.ActiveCfg = Debug|x64
		{8E85177C-4E45-371B-8CAD-65EC04DCC180}.Debug|x64.Build.0 = Debug|x64
		{8E85177C-4E45-371B-8CAD-65EC04DCC180}.Release|x64.ActiveCfg = Release|x64
		{8E85177C-4E45-371B-8CAD-65EC04DCC180}.Release|x64.Build.0 = Release|x64
		{8E85177C-4E45-371B-8CAD-65EC04DCC180}.MinSizeRel|x64.ActiveCfg = MinSizeRel|x64
		{8E85177C-4E45-371B-8CAD-65EC04DCC180}.MinSizeRel|x64.Build.0 = MinSizeRel|x64
		{8E85177C-4E45-371B-8CAD-65EC04DCC180}.RelWithDebInfo|x64.ActiveCfg = RelWithDebInfo|x64
		{8E85177C-4E45-371B-8CAD-65EC04DCC180}.RelWithDebInfo|x64.Build.0 = RelWithDebInfo|x64
		{EAEC6BD0-01A2-305D-AFBB-C1644594AA59}.Debug|x64.ActiveCfg = Debug|x64
		{EAEC6BD0-01A2-305D-AFBB-C1644594AA59}.Debug|x64.Build.0 = Debug|x64
		{EAEC6BD0-01A2-305D-AFBB-C1644594AA59}.Release|x64.ActiveCfg = Release|x64
		{EAEC6BD0-01A2-305D-AFBB-C1644594AA59}.Release|x64.Build.0 = Release|x64
		{EAEC6BD0-01A2-305D-AFBB-C1644594AA59}.MinSizeRel|x64.ActiveCfg = MinSizeRel|x64
		{EAEC6BD0-01A2-305D-AFBB-C1644594AA59}.MinSizeRel|x64.Build.0 = MinSizeRel|x64
		{EAEC6BD0-01A2-305D-AFBB-C1644594AA59}.RelWithDebInfo|x64.ActiveCfg = RelWithDebInfo|x64
		{EAEC6BD0-01A2-305D-AFBB-C1644594AA59}.RelWithDebInfo|x64.Build.0 = RelWithDebInfo|x64
		{6C0D8F85-6B76-3389-879B-AA01641AAD6E}.Debug|x64.ActiveCfg = Debug|x64
		{6C0D8F85-6B76-3389-879B-AA01641AAD6E}.Debug|x64.Build.0 = Debug|x64
		{6C0D8F85-6B76-3389-879B-AA01641AAD6E}.Release|x64.ActiveCfg = Release|x64
		{6C0D8F85-6B76-3389-879B-AA01641AAD6E}.Release|x64.Build.0 = Release|x64
		{6C0D8F85-6B76-3389-879B-AA01641AAD6E}.MinSizeRel|x64.ActiveCfg = MinSizeRel|x64
		{6C0D8F85-6B76-3389-879B-AA01641AAD6E}.MinSizeRel|x64.Build.0 = MinSizeRel|x64
		{6C0D8F85-6B76-3389-879B-AA01641AAD6E}.RelWithDebInfo|x64.ActiveCfg = RelWithDebInfo|x64
		{6C0D8F85-6B76-3389-879B-AA01641AAD6E}.RelWithDebInfo|x64.Build.0 = RelWithDebInfo|x64
		{F85B50F4-F6F3-3F7B-BDBE-DCA68FB981C9}.Debug|x64.ActiveCfg = Debug|x64
		{F85B50F4-F6F3-3F7B-BDBE-DCA68FB981C9}.Debug|x64.Build.0 = Debug|x64
		{F85B50F4-F6F3-3F7B-BDBE-DCA68FB981C9}.Release|x64.ActiveCfg = Release|x64
		{F85B50F4-F6F3-3F7B-BDBE-DCA68FB981C9}.Release|x64.Build.0 = Release|x64
		{F85B50F4-F6F3-3F7B-BDBE-DCA68FB981C9}.MinSizeRel|x64.ActiveCfg = MinSizeRel|x64
		{F85B50F4-F6F3-3F7B-BDBE-DCA68FB981C9}.MinSizeRel|x64.Build.0 = MinSizeRel|x64
		{F85B50F4-F6F3-3F7B-BDBE-DCA68FB981C9}.RelWithDebInfo|x64.ActiveCfg = RelWithDebInfo|x64
		{F85B50F4-F6F3-3F7B-BDBE-DCA68FB981C9}.RelWithDebInfo|x64.Build.0 = RelWithDebInfo|x64
		{F5C741B7-FB48-3DEE-B863-2A0AE6AED9F7}.Debug|x64.ActiveCfg = Debug|x64
		{F5C741B7-FB48-3DEE-B863-2A0AE6AED9F7}.Debug|x64.Build.0 = Debug|x64
		{F5C741B7-FB48-3DEE-B863-2A0AE6AED9F7}.Release|x64.ActiveCfg = Release|x64
		{F5C741B7-FB48-3DEE-B863-2A0AE6AED9F7}.Release|x64.Build.0 = Release|x64
		{F5C741B7-FB48-3DEE-B863-2A0AE6AED9F7}.MinSizeRel|x64.ActiveCfg = MinSizeRel|x64
		{F5C741B7-FB48-3DEE-B863-2A0AE6AED9F7}.MinSizeRel|x64.Build.0 = MinSizeRel|x64
		{F5C741B7-FB48-3DEE-B863-2A0AE6AED9F7}.RelWithDebInfo|x64.ActiveCfg = RelWithDebInfo|x64
		{F5C741B7-FB48-3DEE-B863-2A0AE6AED9F7}.RelWithDebInfo|x64.Build.0 = RelWithDebInfo|x64
		{B699528D-30FD-3E05-8365-9D5D0D058DC8}.Debug|x64.ActiveCfg = Debug|x64
		{B699528D-30FD-3E05-8365-9D5D0D058DC8}.Debug|x64.Build.0 = Debug|x64
		{B699528D-30FD-3E05-8365-9D5D0D058DC8}.Release|x64.ActiveCfg = Release|x64
		{B699528D-30FD-3E05-8365-9D5D0D058DC8}.Release|x64.Build.0 = Release|x64
		{B699528D-30FD-3E05-8365-9D5D0D058DC8}.MinSizeRel|x64.ActiveCfg = MinSizeRel|x64
		{B699528D-30FD-3E05-8365-9D5D0D058DC8}.MinSizeRel|x64.Build.0 = MinSizeRel|x64
		{B699528D-30FD-3E05-8365-9D5D0D058DC8}.RelWithDebInfo|x64.ActiveCfg = RelWithDebInfo|x64
		{B699528D-30FD-3E05-8365-9D5D0D058DC8}.RelWithDebInfo|x64.Build.0 = RelWithDebInfo|x64
		{3A4C63CF-50BD-3A7D-A104-04E0BFFE9F3E}.Debug|x64.ActiveCfg = Debug|x64
		{3A4C63CF-50BD-3A7D-A104-04E0BFFE9F3E}.Debug|x64.Build.0 = Debug|x64
		{3A4C63CF-50BD-3A7D-A104-04E0BFFE9F3E}.Release|x64.ActiveCfg = Release|x64
		{3A4C63CF-50BD-3A7D-A104-04E0BFFE9F3E}.Release|x64.Build.0 = Release|x64
		{3A4C63CF-50BD-3A7D-A104-04E0BFFE9F3E}.MinSizeRel|x64.ActiveCfg = MinSizeRel|x64
		{3A4C63CF-50BD-3A7D-A104-04E0BFFE9F3E}.MinSizeRel|x64.Build.0 = MinSizeRel|x64
		{3A4C63CF-50BD-3A7D-A104-04E0BFFE9F3E}.RelWithDebInfo|x64.ActiveCfg = RelWithDebInfo|x64
		{3A4C63CF-50BD-3A7D-A104-04E0BFFE9F3E}.RelWithDebInfo|x64.Build.0 = RelWithDebInfo|x64
		{CF122AE2-8D4B-3372-8EF0-5629EBB7F222}.Debug|x64.ActiveCfg = Debug|x64
		{CF122AE2-8D4B-3372-8EF0-5629EBB7F222}.Debug|x64.Build.0 = Debug|x64
		{CF122AE2-8D4B-3372-8EF0-5629EBB7F222}.Release|x64.ActiveCfg = Release|x64
		{CF122AE2-8D4B-3372-8EF0-5629EBB7F222}.Release|x64.Build.0 = Release|x64
		{CF122AE2-8D4B-3372-8EF0-5629EBB7F222}.MinSizeRel|x64.ActiveCfg = MinSizeRel|x64
		{CF122AE2-8D4B-3372-8EF0-5629EBB7F222}.MinSizeRel|x64.Build.0 = MinSizeRel|x64
		{CF122AE2-8D4B-3372-8EF0-5629EBB7F222}.RelWithDebInfo|x64.ActiveCfg = RelWithDebInfo|x64
		{CF122AE2-8D4B-3372-8EF0-5629EBB7F222}.RelWithDebInfo|x64.Build.0 = RelWithDebInfo|x64
		{619F9A9A-6C9B-30CC-99FD-5515EC057FDA}.Debug|x64.ActiveCfg = Debug|x64
		{619F9A9A-6C9B-30CC-99FD-5515EC057FDA}.Debug|x64.Build.0 = Debug|x64
		{619F9A9A-6C9B-30CC-99FD-5515EC057FDA}.Release|x64.ActiveCfg = Release|x64
		{619F9A9A-6C9B-30CC-99FD-5515EC057FDA}.Release|x64.Build.0 = Release|x64
		{619F9A9A-6C9B-30CC-99FD-5515EC057FDA}.MinSizeRel|x64.ActiveCfg = MinSizeRel|x64
		{619F9A9A-6C9B-30CC-99FD-5515EC057FDA}.MinSizeRel|x64.Build.0 = MinSizeRel|x64
		{619F9A9A-6C9B-30CC-99FD-5515EC057FDA}.RelWithDebInfo|x64.ActiveCfg = RelWithDebInfo|x64
		{619F9A9A-6C9B-30CC-99FD-5515EC057FDA}.RelWithDebInfo|x64.Build.0 = RelWithDebInfo|x64
		{90C2C136-FF99-31D9-B31E-D1F50A0E0FAD}.Debug|x64.ActiveCfg = Debug|x64
		{90C2C136-FF99-31D9-B31E-D1F50A0E0FAD}.Debug|x64.Build.0 = Debug|x64
		{90C2C136-FF99-31D9-B31E-D1F50A0E0FAD}.Release|x64.ActiveCfg = Release|x64
		{90C2C136-FF99-31D9-B31E-D1F50A0E0FAD}.Release|x64.Build.0 = Release|x64
		{90C2C136-FF99-31D9-B31E-D1F50A0E0FAD}.MinSizeRel|x64.ActiveCfg = MinSizeRel|x64
		{90C2C136-FF99-31D9-B31E-D1F50A0E0FAD}.MinSizeRel|x64.Build.0 = MinSizeRel|x64
		{90C2C136-FF99-31D9-B31E-D1F50A0E0FAD}.RelWithDebInfo|x64.ActiveCfg = RelWithDebInfo|x64
		{90C2C136-FF99-31D9-B31E-D1F50A0E0FAD}.RelWithDebInfo|x64.Build.0 = RelWithDebInfo|x64
		{55FAAE18-F35D-3F27-8B7E-3266F4387863}.Debug|x64.ActiveCfg = Debug|x64
		{55FAAE18-F35D-3F27-8B7E-3266F4387863}.Debug|x64.Build.0 = Debug|x64
		{55FAAE18-F35D-3F27-8B7E-3266F4387863}.Release|x64.ActiveCfg = Release|x64
		{55FAAE18-F35D-3F27-8B7E-3266F4387863}.Release|x64.Build.0 = Release|x64
		{55FAAE18-F35D-3F27-8B7E-3266F4387863}.MinSizeRel|x64.ActiveCfg = MinSizeRel|x64
		{55FAAE18-F35D-3F27-8B7E-3266F4387863}.MinSizeRel|x64.Build.0 = MinSizeRel|x64
		{55FAAE18-F35D-3F27-8B7E-3266F4387863}.RelWithDebInfo|x64.ActiveCfg = RelWithDebInfo|x64
		{55FAAE18-F35D-3F27-8B7E-3266F4387863}.RelWithDebInfo|x64.Build.0 = RelWithDebInfo|x64
	EndGlobalSection
	GlobalSection(ExtensibilityGlobals) = postSolution
		SolutionGuid = {EA02D867-A593-37B3-A5EF-039C7872571C}
	EndGlobalSection
	GlobalSection(ExtensibilityAddIns) = postSolution
	EndGlobalSection
EndGlobal
