<?xml version="1.0" encoding="utf-8"?>
<Project ToolsVersion="17.0" xmlns="http://schemas.microsoft.com/developer/msbuild/2003">
  <ItemGroup>
    <CustomBuild Include="C:\Users\xxlmn\Documents\BetaNet\CMakeFiles\b9f6d6271603d50185f409f77b05901b\generate.stamp.rule">
      <Filter>CMake Rules</Filter>
    </CustomBuild>
  </ItemGroup>
  <ItemGroup>
    <Filter Include="CMake Rules">
      <UniqueIdentifier>{D676A4D0-C762-371F-8E63-E55F68024A46}</UniqueIdentifier>
    </Filter>
  </ItemGroup>
</Project>
