<?xml version="1.0" encoding="utf-8"?>
<Project ToolsVersion="17.0" xmlns="http://schemas.microsoft.com/developer/msbuild/2003">
  <ItemGroup>
    <ClCompile Include="C:\Users\xxlmn\Documents\BetaNet\src\htx\htx.c">
      <Filter>Source Files</Filter>
    </ClCompile>
    <ClCompile Include="C:\Users\xxlmn\Documents\BetaNet\src\noise\noise.c">
      <Filter>Source Files</Filter>
    </ClCompile>
    <ClCompile Include="C:\Users\xxlmn\Documents\BetaNet\src\shape\shape.c">
      <Filter>Source Files</Filter>
    </ClCompile>
    <ClCompile Include="C:\Users\xxlmn\Documents\BetaNet\src\path\path.c">
      <Filter>Source Files</Filter>
    </ClCompile>
    <ClCompile Include="C:\Users\xxlmn\Documents\BetaNet\src\boot\boot.c">
      <Filter>Source Files</Filter>
    </ClCompile>
    <ClCompile Include="C:\Users\xxlmn\Documents\BetaNet\src\util\util.c">
      <Filter>Source Files</Filter>
    </ClCompile>
    <ClCompile Include="C:\Users\xxlmn\Documents\BetaNet\src\pay\pay.c">
      <Filter>Source Files</Filter>
    </ClCompile>
  </ItemGroup>
  <ItemGroup>
    <ClInclude Include="C:\Users\xxlmn\Documents\BetaNet\include\betanet\betanet.h">
      <Filter>Header Files</Filter>
    </ClInclude>
  </ItemGroup>
  <ItemGroup>
    <CustomBuild Include="C:\Users\xxlmn\Documents\BetaNet\libbetanetc\CMakeLists.txt" />
  </ItemGroup>
  <ItemGroup>
    <Filter Include="Header Files">
      <UniqueIdentifier>{8005EE67-1BF7-31C9-AA59-F875BE5D431E}</UniqueIdentifier>
    </Filter>
    <Filter Include="Source Files">
      <UniqueIdentifier>{C13C1B12-F6F0-3221-BD2C-44A77623EDF3}</UniqueIdentifier>
    </Filter>
  </ItemGroup>
</Project>
